// !$*UTF8*$!
{
	archiveVersion = 1;
	classes = {
	};
	objectVersion = 50;
	objects = {

/* Begin PBXBuildFile section */
		9FD66C2521992897005638E2 /* AppDelegate.swift in Sources */ = {isa = PBXBuildFile; fileRef = 9FD66C2421992897005638E2 /* AppDelegate.swift */; };
		9FD66C2721992897005638E2 /* ViewController.swift in Sources */ = {isa = PBXBuildFile; fileRef = 9FD66C2621992897005638E2 /* ViewController.swift */; };
		9FD66C2A21992897005638E2 /* Main.storyboard in Resources */ = {isa = PBXBuildFile; fileRef = 9FD66C2821992897005638E2 /* Main.storyboard */; };
		9FD66C2C21992898005638E2 /* Assets.xcassets in Resources */ = {isa = PBXBuildFile; fileRef = 9FD66C2B21992898005638E2 /* Assets.xcassets */; };
		9FD66C2F21992898005638E2 /* LaunchScreen.storyboard in Resources */ = {isa = PBXBuildFile; fileRef = 9FD66C2D21992898005638E2 /* LaunchScreen.storyboard */; };
		9FD66C3A21992F8E005638E2 /* libgpuimage.a in Frameworks */ = {isa = PBXBuildFile; fileRef = 9FD66C37219929AC005638E2 /* libgpuimage.a */; };
		9FD66C422199702C005638E2 /* GLKit.framework in Frameworks */ = {isa = PBXBuildFile; fileRef = 9FD66C412199702C005638E2 /* GLKit.framework */; };
/* End PBXBuildFile section */

/* Begin PBXFileReference section */
		9FD66C2121992896005638E2 /* RustPictureTest.app */ = {isa = PBXFileReference; explicitFileType = wrapper.application; includeInIndex = 0; path = RustPictureTest.app; sourceTree = BUILT_PRODUCTS_DIR; };
		9FD66C2421992897005638E2 /* AppDelegate.swift */ = {isa = PBXFileReference; lastKnownFileType = sourcecode.swift; path = AppDelegate.swift; sourceTree = "<group>"; };
		9FD66C2621992897005638E2 /* ViewController.swift */ = {isa = PBXFileReference; lastKnownFileType = sourcecode.swift; path = ViewController.swift; sourceTree = "<group>"; };
		9FD66C2921992897005638E2 /* Base */ = {isa = PBXFileReference; lastKnownFileType = file.storyboard; name = Base; path = Base.lproj/Main.storyboard; sourceTree = "<group>"; };
		9FD66C2B21992898005638E2 /* Assets.xcassets */ = {isa = PBXFileReference; lastKnownFileType = folder.assetcatalog; path = Assets.xcassets; sourceTree = "<group>"; };
		9FD66C2E21992898005638E2 /* Base */ = {isa = PBXFileReference; lastKnownFileType = file.storyboard; name = Base; path = Base.lproj/LaunchScreen.storyboard; sourceTree = "<group>"; };
		9FD66C3021992898005638E2 /* Info.plist */ = {isa = PBXFileReference; lastKnownFileType = text.plist.xml; path = Info.plist; sourceTree = "<group>"; };
		9FD66C37219929AC005638E2 /* libgpuimage.a */ = {isa = PBXFileReference; lastKnownFileType = archive.ar; name = libgpuimage.a; path = "../libgpuimage/target/aarch64-apple-ios/debug/libgpuimage.a"; sourceTree = "<group>"; };
		9FD66C3921992F01005638E2 /* gpuimage.h */ = {isa = PBXFileReference; fileEncoding = 4; lastKnownFileType = sourcecode.c.h; name = gpuimage.h; path = ../../libgpuimage/src/gpuimage.h; sourceTree = "<group>"; };
		9FD66C3C21993285005638E2 /* RustPictureTest-Bridging-Header.h */ = {isa = PBXFileReference; lastKnownFileType = sourcecode.c.h; path = "RustPictureTest-Bridging-Header.h"; sourceTree = "<group>"; };
		9FD66C412199702C005638E2 /* GLKit.framework */ = {isa = PBXFileReference; lastKnownFileType = wrapper.framework; name = GLKit.framework; path = System/Library/Frameworks/GLKit.framework; sourceTree = SDKROOT; };
/* End PBXFileReference section */

/* Begin PBXFrameworksBuildPhase section */
		9FD66C1E21992896005638E2 /* Frameworks */ = {
			isa = PBXFrameworksBuildPhase;
			buildActionMask = 2147483647;
			files = (
				9FD66C422199702C005638E2 /* GLKit.framework in Frameworks */,
				9FD66C3A21992F8E005638E2 /* libgpuimage.a in Frameworks */,
			);
			runOnlyForDeploymentPostprocessing = 0;
		};
/* End PBXFrameworksBuildPhase section */

/* Begin PBXGroup section */
		9FD66C1821992896005638E2 = {
			isa = PBXGroup;
			children = (
				9FD66C2321992897005638E2 /* RustPictureTest */,
				9FD66C2221992896005638E2 /* Products */,
				9FD66C36219929AB005638E2 /* Frameworks */,
			);
			sourceTree = "<group>";
		};
		9FD66C2221992896005638E2 /* Products */ = {
			isa = PBXGroup;
			children = (
				9FD66C2121992896005638E2 /* RustPictureTest.app */,
			);
			name = Products;
			sourceTree = "<group>";
		};
		9FD66C2321992897005638E2 /* RustPictureTest */ = {
			isa = PBXGroup;
			children = (
				9FD66C3921992F01005638E2 /* gpuimage.h */,
				9FD66C2421992897005638E2 /* AppDelegate.swift */,
				9FD66C2621992897005638E2 /* ViewController.swift */,
				9FD66C2821992897005638E2 /* Main.storyboard */,
				9FD66C2B21992898005638E2 /* Assets.xcassets */,
				9FD66C2D21992898005638E2 /* LaunchScreen.storyboard */,
				9FD66C3021992898005638E2 /* Info.plist */,
				9FD66C3C21993285005638E2 /* RustPictureTest-Bridging-Header.h */,
			);
			path = RustPictureTest;
			sourceTree = "<group>";
		};
		9FD66C36219929AB005638E2 /* Frameworks */ = {
			isa = PBXGroup;
			children = (
				9FD66C412199702C005638E2 /* GLKit.framework */,
				9FD66C37219929AC005638E2 /* libgpuimage.a */,
			);
			name = Frameworks;
			sourceTree = "<group>";
		};
/* End PBXGroup section */

/* Begin PBXNativeTarget section */
		9FD66C2021992896005638E2 /* RustPictureTest */ = {
			isa = PBXNativeTarget;
			buildConfigurationList = 9FD66C3321992898005638E2 /* Build configuration list for PBXNativeTarget "RustPictureTest" */;
			buildPhases = (
				9FD66C1D21992896005638E2 /* Sources */,
				9FD66C1E21992896005638E2 /* Frameworks */,
				9FD66C1F21992896005638E2 /* Resources */,
			);
			buildRules = (
			);
			dependencies = (
			);
			name = RustPictureTest;
			productName = RustPictureTest;
			productReference = 9FD66C2121992896005638E2 /* RustPictureTest.app */;
			productType = "com.apple.product-type.application";
		};
/* End PBXNativeTarget section */

/* Begin PBXProject section */
		9FD66C1921992896005638E2 /* Project object */ = {
			isa = PBXProject;
			attributes = {
				LastSwiftUpdateCheck = 1010;
				LastUpgradeCheck = 1010;
				ORGANIZATIONNAME = Solaren;
				TargetAttributes = {
					9FD66C2021992896005638E2 = {
						CreatedOnToolsVersion = 10.1;
						LastSwiftMigration = 1010;
					};
				};
			};
			buildConfigurationList = 9FD66C1C21992896005638E2 /* Build configuration list for PBXProject "RustPictureTest" */;
			compatibilityVersion = "Xcode 9.3";
			developmentRegion = en;
			hasScannedForEncodings = 0;
			knownRegions = (
				en,
				Base,
			);
			mainGroup = 9FD66C1821992896005638E2;
			productRefGroup = 9FD66C2221992896005638E2 /* Products */;
			projectDirPath = "";
			projectRoot = "";
			targets = (
				9FD66C2021992896005638E2 /* RustPictureTest */,
			);
		};
/* End PBXProject section */

/* Begin PBXResourcesBuildPhase section */
		9FD66C1F21992896005638E2 /* Resources */ = {
			isa = PBXResourcesBuildPhase;
			buildActionMask = 2147483647;
			files = (
				9FD66C2F21992898005638E2 /* LaunchScreen.storyboard in Resources */,
				9FD66C2C21992898005638E2 /* Assets.xcassets in Resources */,
				9FD66C2A21992897005638E2 /* Main.storyboard in Resources */,
			);
			runOnlyForDeploymentPostprocessing = 0;
		};
/* End PBXResourcesBuildPhase section */

/* Begin PBXSourcesBuildPhase section */
		9FD66C1D21992896005638E2 /* Sources */ = {
			isa = PBXSourcesBuildPhase;
			buildActionMask = 2147483647;
			files = (
				9FD66C2721992897005638E2 /* ViewController.swift in Sources */,
				9FD66C2521992897005638E2 /* AppDelegate.swift in Sources */,
			);
			runOnlyForDeploymentPostprocessing = 0;
		};
/* End PBXSourcesBuildPhase section */

/* Begin PBXVariantGroup section */
		9FD66C2821992897005638E2 /* Main.storyboard */ = {
			isa = PBXVariantGroup;
			children = (
				9FD66C2921992897005638E2 /* Base */,
			);
			name = Main.storyboard;
			sourceTree = "<group>";
		};
		9FD66C2D21992898005638E2 /* LaunchScreen.storyboard */ = {
			isa = PBXVariantGroup;
			children = (
				9FD66C2E21992898005638E2 /* Base */,
			);
			name = LaunchScreen.storyboard;
			sourceTree = "<group>";
		};
/* End PBXVariantGroup section */

/* Begin XCBuildConfiguration section */
		9FD66C3121992898005638E2 /* Debug */ = {
			isa = XCBuildConfiguration;
			buildSettings = {
				ALWAYS_SEARCH_USER_PATHS = NO;
				CLANG_ANALYZER_NONNULL = YES;
				CLANG_ANALYZER_NUMBER_OBJECT_CONVERSION = YES_AGGRESSIVE;
				CLANG_CXX_LANGUAGE_STANDARD = "gnu++14";
				CLANG_CXX_LIBRARY = "libc++";
				CLANG_ENABLE_MODULES = YES;
				CLANG_ENABLE_OBJC_ARC = YES;
				CLANG_ENABLE_OBJC_WEAK = YES;
				CLANG_WARN_BLOCK_CAPTURE_AUTORELEASING = YES;
				CLANG_WARN_BOOL_CONVERSION = YES;
				CLANG_WARN_COMMA = YES;
				CLANG_WARN_CONSTANT_CONVERSION = YES;
				CLANG_WARN_DEPRECATED_OBJC_IMPLEMENTATIONS = YES;
				CLANG_WARN_DIRECT_OBJC_ISA_USAGE = YES_ERROR;
				CLANG_WARN_DOCUMENTATION_COMMENTS = YES;
				CLANG_WARN_EMPTY_BODY = YES;
				CLANG_WARN_ENUM_CONVERSION = YES;
				CLANG_WARN_INFINITE_RECURSION = YES;
				CLANG_WARN_INT_CONVERSION = YES;
				CLANG_WARN_NON_LITERAL_NULL_CONVERSION = YES;
				CLANG_WARN_OBJC_IMPLICIT_RETAIN_SELF = YES;
				CLANG_WARN_OBJC_LITERAL_CONVERSION = YES;
				CLANG_WARN_OBJC_ROOT_CLASS = YES_ERROR;
				CLANG_WARN_RANGE_LOOP_ANALYSIS = YES;
				CLANG_WARN_STRICT_PROTOTYPES = YES;
				CLANG_WARN_SUSPICIOUS_MOVE = YES;
				CLANG_WARN_UNGUARDED_AVAILABILITY = YES_AGGRESSIVE;
				CLANG_WARN_UNREACHABLE_CODE = YES;
				CLANG_WARN__DUPLICATE_METHOD_MATCH = YES;
				CODE_SIGN_IDENTITY = "iPhone Developer";
				COPY_PHASE_STRIP = NO;
				DEBUG_INFORMATION_FORMAT = dwarf;
				ENABLE_STRICT_OBJC_MSGSEND = YES;
				ENABLE_TESTABILITY = YES;
				GCC_C_LANGUAGE_STANDARD = gnu11;
				GCC_DYNAMIC_NO_PIC = NO;
				GCC_NO_COMMON_BLOCKS = YES;
				GCC_OPTIMIZATION_LEVEL = 0;
				GCC_PREPROCESSOR_DEFINITIONS = (
					"DEBUG=1",
					"$(inherited)",
				);
				GCC_WARN_64_TO_32_BIT_CONVERSION = YES;
				GCC_WARN_ABOUT_RETURN_TYPE = YES_ERROR;
				GCC_WARN_UNDECLARED_SELECTOR = YES;
				GCC_WARN_UNINITIALIZED_AUTOS = YES_AGGRESSIVE;
				GCC_WARN_UNUSED_FUNCTION = YES;
				GCC_WARN_UNUSED_VARIABLE = YES;
				IPHONEOS_DEPLOYMENT_TARGET = 12.1;
				MTL_ENABLE_DEBUG_INFO = INCLUDE_SOURCE;
				MTL_FAST_MATH = YES;
				ONLY_ACTIVE_ARCH = YES;
				SDKROOT = iphoneos;
				SWIFT_ACTIVE_COMPILATION_CONDITIONS = DEBUG;
				SWIFT_OPTIMIZATION_LEVEL = "-Onone";
			};
			name = Debug;
		};
		9FD66C3221992898005638E2 /* Release */ = {
			isa = XCBuildConfiguration;
			buildSettings = {
				ALWAYS_SEARCH_USER_PATHS = NO;
				CLANG_ANALYZER_NONNULL = YES;
				CLANG_ANALYZER_NUMBER_OBJECT_CONVERSION = YES_AGGRESSIVE;
				CLANG_CXX_LANGUAGE_STANDARD = "gnu++14";
				CLANG_CXX_LIBRARY = "libc++";
				CLANG_ENABLE_MODULES = YES;
				CLANG_ENABLE_OBJC_ARC = YES;
				CLANG_ENABLE_OBJC_WEAK = YES;
				CLANG_WARN_BLOCK_CAPTURE_AUTORELEASING = YES;
				CLANG_WARN_BOOL_CONVERSION = YES;
				CLANG_WARN_COMMA = YES;
				CLANG_WARN_CONSTANT_CONVERSION = YES;
				CLANG_WARN_DEPRECATED_OBJC_IMPLEMENTATIONS = YES;
				CLANG_WARN_DIRECT_OBJC_ISA_USAGE = YES_ERROR;
				CLANG_WARN_DOCUMENTATION_COMMENTS = YES;
				CLANG_WARN_EMPTY_BODY = YES;
				CLANG_WARN_ENUM_CONVERSION = YES;
				CLANG_WARN_INFINITE_RECURSION = YES;
				CLANG_WARN_INT_CONVERSION = YES;
				CLANG_WARN_NON_LITERAL_NULL_CONVERSION = YES;
				CLANG_WARN_OBJC_IMPLICIT_RETAIN_SELF = YES;
				CLANG_WARN_OBJC_LITERAL_CONVERSION = YES;
				CLANG_WARN_OBJC_ROOT_CLASS = YES_ERROR;
				CLANG_WARN_RANGE_LOOP_ANALYSIS = YES;
				CLANG_WARN_STRICT_PROTOTYPES = YES;
				CLANG_WARN_SUSPICIOUS_MOVE = YES;
				CLANG_WARN_UNGUARDED_AVAILABILITY = YES_AGGRESSIVE;
				CLANG_WARN_UNREACHABLE_CODE = YES;
				CLANG_WARN__DUPLICATE_METHOD_MATCH = YES;
				CODE_SIGN_IDENTITY = "iPhone Developer";
				COPY_PHASE_STRIP = NO;
				DEBUG_INFORMATION_FORMAT = "dwarf-with-dsym";
				ENABLE_NS_ASSERTIONS = NO;
				ENABLE_STRICT_OBJC_MSGSEND = YES;
				GCC_C_LANGUAGE_STANDARD = gnu11;
				GCC_NO_COMMON_BLOCKS = YES;
				GCC_WARN_64_TO_32_BIT_CONVERSION = YES;
				GCC_WARN_ABOUT_RETURN_TYPE = YES_ERROR;
				GCC_WARN_UNDECLARED_SELECTOR = YES;
				GCC_WARN_UNINITIALIZED_AUTOS = YES_AGGRESSIVE;
				GCC_WARN_UNUSED_FUNCTION = YES;
				GCC_WARN_UNUSED_VARIABLE = YES;
				IPHONEOS_DEPLOYMENT_TARGET = 12.1;
				MTL_ENABLE_DEBUG_INFO = NO;
				MTL_FAST_MATH = YES;
				SDKROOT = iphoneos;
				SWIFT_COMPILATION_MODE = wholemodule;
				SWIFT_OPTIMIZATION_LEVEL = "-O";
				VALIDATE_PRODUCT = YES;
			};
			name = Release;
		};
		9FD66C3421992898005638E2 /* Debug */ = {
			isa = XCBuildConfiguration;
			buildSettings = {
				ASSETCATALOG_COMPILER_APPICON_NAME = AppIcon;
				CLANG_ENABLE_MODULES = YES;
				CODE_SIGN_STYLE = Automatic;
				DEVELOPMENT_TEAM = YL49D2HU6K;
				INFOPLIST_FILE = RustPictureTest/Info.plist;
				LD_RUNPATH_SEARCH_PATHS = (
					"$(inherited)",
					"@executable_path/Frameworks",
				);
				LIBRARY_SEARCH_PATHS = "\"$(SRCROOT)/../libgpuimage/target/aarch64-apple-ios/debug\"";
				PRODUCT_BUNDLE_IDENTIFIER = com.mfasta.RustPictureTest;
				PRODUCT_NAME = "$(TARGET_NAME)";
				SWIFT_OBJC_BRIDGING_HEADER = "RustPictureTest/RustPictureTest-Bridging-Header.h";
				SWIFT_OPTIMIZATION_LEVEL = "-Onone";
				SWIFT_VERSION = 4.2;
				TARGETED_DEVICE_FAMILY = "1,2";
			};
			name = Debug;
		};
		9FD66C3521992898005638E2 /* Release */ = {
			isa = XCBuildConfiguration;
			buildSettings = {
				ASSETCATALOG_COMPILER_APPICON_NAME = AppIcon;
				CLANG_ENABLE_MODULES = YES;
				CODE_SIGN_STYLE = Automatic;
				DEVELOPMENT_TEAM = YL49D2HU6K;
				INFOPLIST_FILE = RustPictureTest/Info.plist;
				LD_RUNPATH_SEARCH_PATHS = (
					"$(inherited)",
					"@executable_path/Frameworks",
				);
				LIBRARY_SEARCH_PATHS = "\"$(SRCROOT)/../libgpuimage/target/aarch64-apple-ios/debug\"";
				PRODUCT_BUNDLE_IDENTIFIER = com.mfasta.RustPictureTest;
				PRODUCT_NAME = "$(TARGET_NAME)";
				SWIFT_OBJC_BRIDGING_HEADER = "RustPictureTest/RustPictureTest-Bridging-Header.h";
				SWIFT_VERSION = 4.2;
				TARGETED_DEVICE_FAMILY = "1,2";
			};
			name = Release;
		};
/* End XCBuildConfiguration section */

/* Begin XCConfigurationList section */
		9FD66C1C21992896005638E2 /* Build configuration list for PBXProject "RustPictureTest" */ = {
			isa = XCConfigurationList;
			buildConfigurations = (
				9FD66C3121992898005638E2 /* Debug */,
				9FD66C3221992898005638E2 /* Release */,
			);
			defaultConfigurationIsVisible = 0;
			defaultConfigurationName = Release;
		};
		9FD66C3321992898005638E2 /* Build configuration list for PBXNativeTarget "RustPictureTest" */ = {
			isa = XCConfigurationList;
			buildConfigurations = (
				9FD66C3421992898005638E2 /* Debug */,
				9FD66C3521992898005638E2 /* Release */,
			);
			defaultConfigurationIsVisible = 0;
			defaultConfigurationName = Release;
		};
/* End XCConfigurationList section */
	};
	rootObject = 9FD66C1921992896005638E2 /* Project object */;
}
